
Microsoft Visual Studio Solution File, Format Version 12.00
# Visual Studio Version 16
VisualStudioVersion = 16.0.29503.13
MinimumVisualStudioVersion = 10.0.40219.1
Project("{8BC9CEB8-8B4A-11D0-8D11-00A0C91BC942}") = "AQHLCompiler", "AQHLCompiler\AQHLCompiler.vcxproj", "{ADDBBCB8-4797-405F-A30D-BEB4089541CE}"
EndProject
Global
	GlobalSection(SolutionConfigurationPlatforms) = preSolution
		Debug|x64 = Debug|x64
		Profiling|x64 = Profiling|x64
		Release|x64 = Release|x64
	EndGlobalSection
	GlobalSection(ProjectConfigurationPlatforms) = postSolution
		{ADDBBCB8-4797-405F-A30D-BEB4089541CE}.Debug|x64.ActiveCfg = Debug|x64
		{ADDBBCB8-4797-405F-A30D-BEB4089541CE}.Debug|x64.Build.0 = Debug|x64
		{ADDBBCB8-4797-405F-A30D-BEB4089541CE}.Profiling|x64.ActiveCfg = Profiling|x64
		{ADDBBCB8-4797-405F-A30D-BEB4089541CE}.Profiling|x64.Build.0 = Profiling|x64
		{ADDBBCB8-4797-405F-A30D-BEB4089541CE}.Release|x64.ActiveCfg = Release|x64
		{ADDBBCB8-4797-405F-A30D-BEB4089541CE}.Release|x64.Build.0 = Release|x64
	EndGlobalSection
	GlobalSection(SolutionProperties) = preSolution
		HideSolutionNode = FALSE
	EndGlobalSection
	GlobalSection(ExtensibilityGlobals) = postSolution
		SolutionGuid = {82DD6BAF-73C7-4FA0-A8EF-D9A6040EDC09}
	EndGlobalSection
EndGlobal
